{
  "name": "b3dm-viewer",
  "version": "1.0.0",
  "lockfileVersion": 1,
  "requires": true,
  "dependencies": {
    "three": {
      "version": "git+https://github.com/lydonchandra/three.js.git#bbf821a99c797e24ac0b351c94143dd21327c12b",
      "from": "git+https://github.com/lydonchandra/three.js.git#feature/B3DMLoader"
    }
  }
}
